
Microsoft Visual Studio Solution File, Format Version 12.00
# Visual Studio Version 17
VisualStudioVersion = 17.8.34330.188
MinimumVisualStudioVersion = 10.0.40219.1
Project("{FAE04EC0-301F-11D3-BF4B-00C04F79EFBC}") = "Lesson5Home", "Lesson5Home\Lesson5Home.csproj", "{EDDBEFE7-3AEC-470A-8F53-2BA7BF3BAD7D}"
EndProject
Global
	GlobalSection(SolutionConfigurationPlatforms) = preSolution
		Debug|Any CPU = Debug|Any CPU
		Release|Any CPU = Release|Any CPU
	EndGlobalSection
	GlobalSection(ProjectConfigurationPlatforms) = postSolution
		{EDDBEFE7-3AEC-470A-8F53-2BA7BF3BAD7D}.Debug|Any CPU.ActiveCfg = Debug|Any CPU
		{EDDBEFE7-3AEC-470A-8F53-2BA7BF3BAD7D}.Debug|Any CPU.Build.0 = Debug|Any CPU
		{EDDBEFE7-3AEC-470A-8F53-2BA7BF3BAD7D}.Release|Any CPU.ActiveCfg = Release|Any CPU
		{EDDBEFE7-3AEC-470A-8F53-2BA7BF3BAD7D}.Release|Any CPU.Build.0 = Release|Any CPU
	EndGlobalSection
	GlobalSection(SolutionProperties) = preSolution
		HideSolutionNode = FALSE
	EndGlobalSection
	GlobalSection(ExtensibilityGlobals) = postSolution
		SolutionGuid = {7C4F73D6-81A7-42EA-98B3-8379DC8DF263}
	EndGlobalSection
EndGlobal
